
Microsoft Visual Studio Solution File, Format Version 12.00
# Visual Studio 15
VisualStudioVersion = 15.0.28307.645
MinimumVisualStudioVersion = 10.0.40219.1
Project("{FAE04EC0-301F-11D3-BF4B-00C04F79EFBC}") = "KeyGenerator", "KeyGenerator\KeyGenerator.csproj", "{DCA931FD-6136-4164-9666-4E9C5DD24F20}"
EndProject
Global
	GlobalSection(SolutionConfigurationPlatforms) = preSolution
		Debug|Any CPU = Debug|Any CPU
		Release|Any CPU = Release|Any CPU
	EndGlobalSection
	GlobalSection(ProjectConfigurationPlatforms) = postSolution
		{DCA931FD-6136-4164-9666-4E9C5DD24F20}.Debug|Any CPU.ActiveCfg = Debug|Any CPU
		{DCA931FD-6136-4164-9666-4E9C5DD24F20}.Debug|Any CPU.Build.0 = Debug|Any CPU
		{DCA931FD-6136-4164-9666-4E9C5DD24F20}.Release|Any CPU.ActiveCfg = Release|Any CPU
		{DCA931FD-6136-4164-9666-4E9C5DD24F20}.Release|Any CPU.Build.0 = Release|Any CPU
	EndGlobalSection
	GlobalSection(SolutionProperties) = preSolution
		HideSolutionNode = FALSE
	EndGlobalSection
	GlobalSection(ExtensibilityGlobals) = postSolution
		SolutionGuid = {A0DF9218-9EC2-42FD-B2EA-4018F4972B13}
	EndGlobalSection
EndGlobal
